// !$*UTF8*$!
{
	archiveVersion = 1;
	classes = {
	};
	objectVersion = 46;
	objects = {

/* Begin PBXBuildFile section */
		43171DBA1CDBB65F0034021F /* main.m in Sources */ = {isa = PBXBuildFile; fileRef = 43171DB91CDBB65F0034021F /* main.m */; };
		43171DBD1CDBB65F0034021F /* AppDelegate.m in Sources */ = {isa = PBXBuildFile; fileRef = 43171DBC1CDBB65F0034021F /* AppDelegate.m */; };
		43171DC01CDBB65F0034021F /* ViewController.m in Sources */ = {isa = PBXBuildFile; fileRef = 43171DBF1CDBB65F0034021F /* ViewController.m */; };
		43171DC31CDBB65F0034021F /* Main.storyboard in Resources */ = {isa = PBXBuildFile; fileRef = 43171DC11CDBB65F0034021F /* Main.storyboard */; };
		43171DC81CDBB65F0034021F /* LaunchScreen.storyboard in Resources */ = {isa = PBXBuildFile; fileRef = 43171DC61CDBB65F0034021F /* LaunchScreen.storyboard */; };
		43171DD01CDBB69E0034021F /* MapKit.framework in Frameworks */ = {isa = PBXBuildFile; fileRef = 43171DCF1CDBB69E0034021F /* MapKit.framework */; };
		43171DD31CDBB7470034021F /* Reachability.m in Sources */ = {isa = PBXBuildFile; fileRef = 43171DD21CDBB7470034021F /* Reachability.m */; };
		43171DD51CDBC21D0034021F /* SystemConfiguration.framework in Frameworks */ = {isa = PBXBuildFile; fileRef = 43171DD41CDBC21D0034021F /* SystemConfiguration.framework */; };
		43171DD81CDBC8C80034021F /* PoliceStations.m in Sources */ = {isa = PBXBuildFile; fileRef = 43171DD71CDBC8C80034021F /* PoliceStations.m */; };
		43171DDB1CDBDF250034021F /* LiquorStore.m in Sources */ = {isa = PBXBuildFile; fileRef = 43171DDA1CDBDF250034021F /* LiquorStore.m */; };
		43171DDE1CDCDA680034021F /* BarsRestaurants.m in Sources */ = {isa = PBXBuildFile; fileRef = 43171DDD1CDCDA680034021F /* BarsRestaurants.m */; };
		43171DE11CDCEBB40034021F /* MyPointAnnotation.m in Sources */ = {isa = PBXBuildFile; fileRef = 43171DE01CDCEBB40034021F /* MyPointAnnotation.m */; };
		43171DE41CDCFC760034021F /* Crime.m in Sources */ = {isa = PBXBuildFile; fileRef = 43171DE31CDCFC760034021F /* Crime.m */; };
		43171DEA1CDD27110034021F /* MyCircle.m in Sources */ = {isa = PBXBuildFile; fileRef = 43171DE91CDD27110034021F /* MyCircle.m */; };
		43171DFB1CDEDF6D0034021F /* FireStations.m in Sources */ = {isa = PBXBuildFile; fileRef = 43171DFA1CDEDF6D0034021F /* FireStations.m */; };
		43171DFE1CDF86150034021F /* Assets.xcassets in Resources */ = {isa = PBXBuildFile; fileRef = 43171DFD1CDF86150034021F /* Assets.xcassets */; };
		43B0122D1D01A54F0084015F /* MenuHeaderCollectionReusableView.m in Sources */ = {isa = PBXBuildFile; fileRef = 43B0122C1D01A54F0084015F /* MenuHeaderCollectionReusableView.m */; };
		43B012311D01FF030084015F /* Property.m in Sources */ = {isa = PBXBuildFile; fileRef = 43B012301D01FF030084015F /* Property.m */; };
		43DEA2E91CEF680A008FD776 /* CustomCollectionViewCell.m in Sources */ = {isa = PBXBuildFile; fileRef = 43DEA2E81CEF680A008FD776 /* CustomCollectionViewCell.m */; };
/* End PBXBuildFile section */

/* Begin PBXFileReference section */
		43171DB51CDBB65F0034021F /* CrimeSpotters.app */ = {isa = PBXFileReference; explicitFileType = wrapper.application; includeInIndex = 0; path = CrimeSpotters.app; sourceTree = BUILT_PRODUCTS_DIR; };
		43171DB91CDBB65F0034021F /* main.m */ = {isa = PBXFileReference; lastKnownFileType = sourcecode.c.objc; path = main.m; sourceTree = "<group>"; };
		43171DBB1CDBB65F0034021F /* AppDelegate.h */ = {isa = PBXFileReference; lastKnownFileType = sourcecode.c.h; path = AppDelegate.h; sourceTree = "<group>"; };
		43171DBC1CDBB65F0034021F /* AppDelegate.m */ = {isa = PBXFileReference; lastKnownFileType = sourcecode.c.objc; path = AppDelegate.m; sourceTree = "<group>"; };
		43171DBE1CDBB65F0034021F /* ViewController.h */ = {isa = PBXFileReference; lastKnownFileType = sourcecode.c.h; path = ViewController.h; sourceTree = "<group>"; };
		43171DBF1CDBB65F0034021F /* ViewController.m */ = {isa = PBXFileReference; lastKnownFileType = sourcecode.c.objc; path = ViewController.m; sourceTree = "<group>"; };
		43171DC21CDBB65F0034021F /* Base */ = {isa = PBXFileReference; lastKnownFileType = file.storyboard; name = Base; path = Base.lproj/Main.storyboard; sourceTree = "<group>"; };
		43171DC71CDBB65F0034021F /* Base */ = {isa = PBXFileReference; lastKnownFileType = file.storyboard; name = Base; path = Base.lproj/LaunchScreen.storyboard; sourceTree = "<group>"; };
		43171DC91CDBB65F0034021F /* Info.plist */ = {isa = PBXFileReference; lastKnownFileType = text.plist.xml; path = Info.plist; sourceTree = "<group>"; };
		43171DCF1CDBB69E0034021F /* MapKit.framework */ = {isa = PBXFileReference; lastKnownFileType = wrapper.framework; name = MapKit.framework; path = System/Library/Frameworks/MapKit.framework; sourceTree = SDKROOT; };
		43171DD11CDBB7470034021F /* Reachability.h */ = {isa = PBXFileReference; fileEncoding = 4; lastKnownFileType = sourcecode.c.h; path = Reachability.h; sourceTree = "<group>"; };
		43171DD21CDBB7470034021F /* Reachability.m */ = {isa = PBXFileReference; fileEncoding = 4; lastKnownFileType = sourcecode.c.objc; path = Reachability.m; sourceTree = "<group>"; };
		43171DD41CDBC21D0034021F /* SystemConfiguration.framework */ = {isa = PBXFileReference; lastKnownFileType = wrapper.framework; name = SystemConfiguration.framework; path = System/Library/Frameworks/SystemConfiguration.framework; sourceTree = SDKROOT; };
		43171DD61CDBC8C80034021F /* PoliceStations.h */ = {isa = PBXFileReference; fileEncoding = 4; lastKnownFileType = sourcecode.c.h; path = PoliceStations.h; sourceTree = "<group>"; };
		43171DD71CDBC8C80034021F /* PoliceStations.m */ = {isa = PBXFileReference; fileEncoding = 4; lastKnownFileType = sourcecode.c.objc; path = PoliceStations.m; sourceTree = "<group>"; };
		43171DD91CDBDF250034021F /* LiquorStore.h */ = {isa = PBXFileReference; fileEncoding = 4; lastKnownFileType = sourcecode.c.h; path = LiquorStore.h; sourceTree = "<group>"; };
		43171DDA1CDBDF250034021F /* LiquorStore.m */ = {isa = PBXFileReference; fileEncoding = 4; lastKnownFileType = sourcecode.c.objc; path = LiquorStore.m; sourceTree = "<group>"; };
		43171DDC1CDCDA680034021F /* BarsRestaurants.h */ = {isa = PBXFileReference; fileEncoding = 4; lastKnownFileType = sourcecode.c.h; path = BarsRestaurants.h; sourceTree = "<group>"; };
		43171DDD1CDCDA680034021F /* BarsRestaurants.m */ = {isa = PBXFileReference; fileEncoding = 4; lastKnownFileType = sourcecode.c.objc; path = BarsRestaurants.m; sourceTree = "<group>"; };
		43171DDF1CDCEBB40034021F /* MyPointAnnotation.h */ = {isa = PBXFileReference; fileEncoding = 4; lastKnownFileType = sourcecode.c.h; path = MyPointAnnotation.h; sourceTree = "<group>"; };
		43171DE01CDCEBB40034021F /* MyPointAnnotation.m */ = {isa = PBXFileReference; fileEncoding = 4; lastKnownFileType = sourcecode.c.objc; path = MyPointAnnotation.m; sourceTree = "<group>"; };
		43171DE21CDCFC760034021F /* Crime.h */ = {isa = PBXFileReference; fileEncoding = 4; lastKnownFileType = sourcecode.c.h; path = Crime.h; sourceTree = "<group>"; };
		43171DE31CDCFC760034021F /* Crime.m */ = {isa = PBXFileReference; fileEncoding = 4; lastKnownFileType = sourcecode.c.objc; path = Crime.m; sourceTree = "<group>"; };
		43171DE81CDD27110034021F /* MyCircle.h */ = {isa = PBXFileReference; fileEncoding = 4; lastKnownFileType = sourcecode.c.h; path = MyCircle.h; sourceTree = "<group>"; };
		43171DE91CDD27110034021F /* MyCircle.m */ = {isa = PBXFileReference; fileEncoding = 4; lastKnownFileType = sourcecode.c.objc; path = MyCircle.m; sourceTree = "<group>"; };
		43171DF91CDEDF6D0034021F /* FireStations.h */ = {isa = PBXFileReference; fileEncoding = 4; lastKnownFileType = sourcecode.c.h; path = FireStations.h; sourceTree = "<group>"; };
		43171DFA1CDEDF6D0034021F /* FireStations.m */ = {isa = PBXFileReference; fileEncoding = 4; lastKnownFileType = sourcecode.c.objc; path = FireStations.m; sourceTree = "<group>"; };
		43171DFD1CDF86150034021F /* Assets.xcassets */ = {isa = PBXFileReference; lastKnownFileType = folder.assetcatalog; path = Assets.xcassets; sourceTree = "<group>"; };
		43B0122B1D01A54F0084015F /* MenuHeaderCollectionReusableView.h */ = {isa = PBXFileReference; fileEncoding = 4; lastKnownFileType = sourcecode.c.h; path = MenuHeaderCollectionReusableView.h; sourceTree = "<group>"; };
		43B0122C1D01A54F0084015F /* MenuHeaderCollectionReusableView.m */ = {isa = PBXFileReference; fileEncoding = 4; lastKnownFileType = sourcecode.c.objc; path = MenuHeaderCollectionReusableView.m; sourceTree = "<group>"; };
		43B0122F1D01FF030084015F /* Property.h */ = {isa = PBXFileReference; fileEncoding = 4; lastKnownFileType = sourcecode.c.h; path = Property.h; sourceTree = "<group>"; };
		43B012301D01FF030084015F /* Property.m */ = {isa = PBXFileReference; fileEncoding = 4; lastKnownFileType = sourcecode.c.objc; path = Property.m; sourceTree = "<group>"; };
		43DEA2E71CEF680A008FD776 /* CustomCollectionViewCell.h */ = {isa = PBXFileReference; fileEncoding = 4; lastKnownFileType = sourcecode.c.h; path = CustomCollectionViewCell.h; sourceTree = "<group>"; };
		43DEA2E81CEF680A008FD776 /* CustomCollectionViewCell.m */ = {isa = PBXFileReference; fileEncoding = 4; lastKnownFileType = sourcecode.c.objc; path = CustomCollectionViewCell.m; sourceTree = "<group>"; };
/* End PBXFileReference section */

/* Begin PBXFrameworksBuildPhase section */
		43171DB21CDBB65F0034021F /* Frameworks */ = {
			isa = PBXFrameworksBuildPhase;
			buildActionMask = 2147483647;
			files = (
				43171DD51CDBC21D0034021F /* SystemConfiguration.framework in Frameworks */,
				43171DD01CDBB69E0034021F /* MapKit.framework in Frameworks */,
			);
			runOnlyForDeploymentPostprocessing = 0;
		};
/* End PBXFrameworksBuildPhase section */

/* Begin PBXGroup section */
		43171DAC1CDBB65F0034021F = {
			isa = PBXGroup;
			children = (
				43171DD41CDBC21D0034021F /* SystemConfiguration.framework */,
				43171DCF1CDBB69E0034021F /* MapKit.framework */,
				43171DB71CDBB65F0034021F /* CrimeSpotters */,
				43171DB61CDBB65F0034021F /* Products */,
			);
			sourceTree = "<group>";
		};
		43171DB61CDBB65F0034021F /* Products */ = {
			isa = PBXGroup;
			children = (
				43171DB51CDBB65F0034021F /* CrimeSpotters.app */,
			);
			name = Products;
			sourceTree = "<group>";
		};
		43171DB71CDBB65F0034021F /* CrimeSpotters */ = {
			isa = PBXGroup;
			children = (
				43171DBB1CDBB65F0034021F /* AppDelegate.h */,
				43171DBC1CDBB65F0034021F /* AppDelegate.m */,
				43171DBE1CDBB65F0034021F /* ViewController.h */,
				43171DBF1CDBB65F0034021F /* ViewController.m */,
				43B0122E1D01F6B80084015F /* Collection View Assets */,
				43171DC11CDBB65F0034021F /* Main.storyboard */,
				43171DFC1CDEE50C0034021F /* data */,
				43171DD11CDBB7470034021F /* Reachability.h */,
				43171DD21CDBB7470034021F /* Reachability.m */,
				43171DC61CDBB65F0034021F /* LaunchScreen.storyboard */,
				43171DC91CDBB65F0034021F /* Info.plist */,
				43171DFD1CDF86150034021F /* Assets.xcassets */,
				43171DB81CDBB65F0034021F /* Supporting Files */,
			);
			path = CrimeSpotters;
			sourceTree = "<group>";
		};
		43171DB81CDBB65F0034021F /* Supporting Files */ = {
			isa = PBXGroup;
			children = (
				43171DB91CDBB65F0034021F /* main.m */,
			);
			name = "Supporting Files";
			sourceTree = "<group>";
		};
		43171DFC1CDEE50C0034021F /* data */ = {
			isa = PBXGroup;
			children = (
				43171DD61CDBC8C80034021F /* PoliceStations.h */,
				43171DD71CDBC8C80034021F /* PoliceStations.m */,
				43171DF91CDEDF6D0034021F /* FireStations.h */,
				43171DFA1CDEDF6D0034021F /* FireStations.m */,
				43171DD91CDBDF250034021F /* LiquorStore.h */,
				43171DDA1CDBDF250034021F /* LiquorStore.m */,
				43171DE21CDCFC760034021F /* Crime.h */,
				43171DE31CDCFC760034021F /* Crime.m */,
				43B0122F1D01FF030084015F /* Property.h */,
				43B012301D01FF030084015F /* Property.m */,
				43171DDC1CDCDA680034021F /* BarsRestaurants.h */,
				43171DDD1CDCDA680034021F /* BarsRestaurants.m */,
				43171DDF1CDCEBB40034021F /* MyPointAnnotation.h */,
				43171DE01CDCEBB40034021F /* MyPointAnnotation.m */,
				43171DE81CDD27110034021F /* MyCircle.h */,
				43171DE91CDD27110034021F /* MyCircle.m */,
			);
			name = data;
			sourceTree = "<group>";
		};
		43B0122E1D01F6B80084015F /* Collection View Assets */ = {
			isa = PBXGroup;
			children = (
				43B0122B1D01A54F0084015F /* MenuHeaderCollectionReusableView.h */,
				43B0122C1D01A54F0084015F /* MenuHeaderCollectionReusableView.m */,
				43DEA2E71CEF680A008FD776 /* CustomCollectionViewCell.h */,
				43DEA2E81CEF680A008FD776 /* CustomCollectionViewCell.m */,
			);
			name = "Collection View Assets";
			sourceTree = "<group>";
		};
/* End PBXGroup section */

/* Begin PBXNativeTarget section */
		43171DB41CDBB65F0034021F /* CrimeSpotters */ = {
			isa = PBXNativeTarget;
			buildConfigurationList = 43171DCC1CDBB65F0034021F /* Build configuration list for PBXNativeTarget "CrimeSpotters" */;
			buildPhases = (
				43171DB11CDBB65F0034021F /* Sources */,
				43171DB21CDBB65F0034021F /* Frameworks */,
				43171DB31CDBB65F0034021F /* Resources */,
			);
			buildRules = (
			);
			dependencies = (
			);
			name = CrimeSpotters;
			productName = CrimeSpotters;
			productReference = 43171DB51CDBB65F0034021F /* CrimeSpotters.app */;
			productType = "com.apple.product-type.application";
		};
/* End PBXNativeTarget section */

/* Begin PBXProject section */
		43171DAD1CDBB65F0034021F /* Project object */ = {
			isa = PBXProject;
			attributes = {
				LastUpgradeCheck = 0730;
				ORGANIZATIONNAME = "Patrick Cooke";
				TargetAttributes = {
					43171DB41CDBB65F0034021F = {
						CreatedOnToolsVersion = 7.3;
						DevelopmentTeam = H56J2Z836K;
					};
				};
			};
			buildConfigurationList = 43171DB01CDBB65F0034021F /* Build configuration list for PBXProject "CrimeSpotters" */;
			compatibilityVersion = "Xcode 3.2";
			developmentRegion = English;
			hasScannedForEncodings = 0;
			knownRegions = (
				en,
				Base,
			);
			mainGroup = 43171DAC1CDBB65F0034021F;
			productRefGroup = 43171DB61CDBB65F0034021F /* Products */;
			projectDirPath = "";
			projectRoot = "";
			targets = (
				43171DB41CDBB65F0034021F /* CrimeSpotters */,
			);
		};
/* End PBXProject section */

/* Begin PBXResourcesBuildPhase section */
		43171DB31CDBB65F0034021F /* Resources */ = {
			isa = PBXResourcesBuildPhase;
			buildActionMask = 2147483647;
			files = (
				43171DC81CDBB65F0034021F /* LaunchScreen.storyboard in Resources */,
				43171DFE1CDF86150034021F /* Assets.xcassets in Resources */,
				43171DC31CDBB65F0034021F /* Main.storyboard in Resources */,
			);
			runOnlyForDeploymentPostprocessing = 0;
		};
/* End PBXResourcesBuildPhase section */

/* Begin PBXSourcesBuildPhase section */
		43171DB11CDBB65F0034021F /* Sources */ = {
			isa = PBXSourcesBuildPhase;
			buildActionMask = 2147483647;
			files = (
				43171DEA1CDD27110034021F /* MyCircle.m in Sources */,
				43B0122D1D01A54F0084015F /* MenuHeaderCollectionReusableView.m in Sources */,
				43171DC01CDBB65F0034021F /* ViewController.m in Sources */,
				43171DE11CDCEBB40034021F /* MyPointAnnotation.m in Sources */,
				43DEA2E91CEF680A008FD776 /* CustomCollectionViewCell.m in Sources */,
				43171DBD1CDBB65F0034021F /* AppDelegate.m in Sources */,
				43171DD81CDBC8C80034021F /* PoliceStations.m in Sources */,
				43171DD31CDBB7470034021F /* Reachability.m in Sources */,
				43171DBA1CDBB65F0034021F /* main.m in Sources */,
				43171DE41CDCFC760034021F /* Crime.m in Sources */,
				43B012311D01FF030084015F /* Property.m in Sources */,
				43171DDE1CDCDA680034021F /* BarsRestaurants.m in Sources */,
				43171DFB1CDEDF6D0034021F /* FireStations.m in Sources */,
				43171DDB1CDBDF250034021F /* LiquorStore.m in Sources */,
			);
			runOnlyForDeploymentPostprocessing = 0;
		};
/* End PBXSourcesBuildPhase section */

/* Begin PBXVariantGroup section */
		43171DC11CDBB65F0034021F /* Main.storyboard */ = {
			isa = PBXVariantGroup;
			children = (
				43171DC21CDBB65F0034021F /* Base */,
			);
			name = Main.storyboard;
			sourceTree = "<group>";
		};
		43171DC61CDBB65F0034021F /* LaunchScreen.storyboard */ = {
			isa = PBXVariantGroup;
			children = (
				43171DC71CDBB65F0034021F /* Base */,
			);
			name = LaunchScreen.storyboard;
			sourceTree = "<group>";
		};
/* End PBXVariantGroup section */

/* Begin XCBuildConfiguration section */
		43171DCA1CDBB65F0034021F /* Debug */ = {
			isa = XCBuildConfiguration;
			buildSettings = {
				ALWAYS_SEARCH_USER_PATHS = NO;
				CLANG_ANALYZER_NONNULL = YES;
				CLANG_CXX_LANGUAGE_STANDARD = "gnu++0x";
				CLANG_CXX_LIBRARY = "libc++";
				CLANG_ENABLE_MODULES = YES;
				CLANG_ENABLE_OBJC_ARC = YES;
				CLANG_WARN_BOOL_CONVERSION = YES;
				CLANG_WARN_CONSTANT_CONVERSION = YES;
				CLANG_WARN_DIRECT_OBJC_ISA_USAGE = YES_ERROR;
				CLANG_WARN_EMPTY_BODY = YES;
				CLANG_WARN_ENUM_CONVERSION = YES;
				CLANG_WARN_INT_CONVERSION = YES;
				CLANG_WARN_OBJC_ROOT_CLASS = YES_ERROR;
				CLANG_WARN_UNREACHABLE_CODE = YES;
				CLANG_WARN__DUPLICATE_METHOD_MATCH = YES;
				"CODE_SIGN_IDENTITY[sdk=iphoneos*]" = "iPhone Developer";
				COPY_PHASE_STRIP = NO;
				DEBUG_INFORMATION_FORMAT = dwarf;
				ENABLE_STRICT_OBJC_MSGSEND = YES;
				ENABLE_TESTABILITY = YES;
				GCC_C_LANGUAGE_STANDARD = gnu99;
				GCC_DYNAMIC_NO_PIC = NO;
				GCC_NO_COMMON_BLOCKS = YES;
				GCC_OPTIMIZATION_LEVEL = 0;
				GCC_PREPROCESSOR_DEFINITIONS = (
					"DEBUG=1",
					"$(inherited)",
				);
				GCC_WARN_64_TO_32_BIT_CONVERSION = YES;
				GCC_WARN_ABOUT_RETURN_TYPE = YES_ERROR;
				GCC_WARN_UNDECLARED_SELECTOR = YES;
				GCC_WARN_UNINITIALIZED_AUTOS = YES_AGGRESSIVE;
				GCC_WARN_UNUSED_FUNCTION = YES;
				GCC_WARN_UNUSED_VARIABLE = YES;
				IPHONEOS_DEPLOYMENT_TARGET = 9.3;
				MTL_ENABLE_DEBUG_INFO = YES;
				ONLY_ACTIVE_ARCH = YES;
				SDKROOT = iphoneos;
				TARGETED_DEVICE_FAMILY = "1,2";
			};
			name = Debug;
		};
		43171DCB1CDBB65F0034021F /* Release */ = {
			isa = XCBuildConfiguration;
			buildSettings = {
				ALWAYS_SEARCH_USER_PATHS = NO;
				CLANG_ANALYZER_NONNULL = YES;
				CLANG_CXX_LANGUAGE_STANDARD = "gnu++0x";
				CLANG_CXX_LIBRARY = "libc++";
				CLANG_ENABLE_MODULES = YES;
				CLANG_ENABLE_OBJC_ARC = YES;
				CLANG_WARN_BOOL_CONVERSION = YES;
				CLANG_WARN_CONSTANT_CONVERSION = YES;
				CLANG_WARN_DIRECT_OBJC_ISA_USAGE = YES_ERROR;
				CLANG_WARN_EMPTY_BODY = YES;
				CLANG_WARN_ENUM_CONVERSION = YES;
				CLANG_WARN_INT_CONVERSION = YES;
				CLANG_WARN_OBJC_ROOT_CLASS = YES_ERROR;
				CLANG_WARN_UNREACHABLE_CODE = YES;
				CLANG_WARN__DUPLICATE_METHOD_MATCH = YES;
				"CODE_SIGN_IDENTITY[sdk=iphoneos*]" = "iPhone Developer";
				COPY_PHASE_STRIP = NO;
				DEBUG_INFORMATION_FORMAT = "dwarf-with-dsym";
				ENABLE_NS_ASSERTIONS = NO;
				ENABLE_STRICT_OBJC_MSGSEND = YES;
				GCC_C_LANGUAGE_STANDARD = gnu99;
				GCC_NO_COMMON_BLOCKS = YES;
				GCC_WARN_64_TO_32_BIT_CONVERSION = YES;
				GCC_WARN_ABOUT_RETURN_TYPE = YES_ERROR;
				GCC_WARN_UNDECLARED_SELECTOR = YES;
				GCC_WARN_UNINITIALIZED_AUTOS = YES_AGGRESSIVE;
				GCC_WARN_UNUSED_FUNCTION = YES;
				GCC_WARN_UNUSED_VARIABLE = YES;
				IPHONEOS_DEPLOYMENT_TARGET = 9.3;
				MTL_ENABLE_DEBUG_INFO = NO;
				SDKROOT = iphoneos;
				TARGETED_DEVICE_FAMILY = "1,2";
				VALIDATE_PRODUCT = YES;
			};
			name = Release;
		};
		43171DCD1CDBB65F0034021F /* Debug */ = {
			isa = XCBuildConfiguration;
			buildSettings = {
				ASSETCATALOG_COMPILER_APPICON_NAME = AppIcon;
				CODE_SIGN_IDENTITY = "iPhone Developer";
				INFOPLIST_FILE = CrimeSpotters/Info.plist;
				LD_RUNPATH_SEARCH_PATHS = "$(inherited) @executable_path/Frameworks";
				PRODUCT_BUNDLE_IDENTIFIER = com.thepatrickcooke.CrimeSpotters;
				PRODUCT_NAME = "$(TARGET_NAME)";
			};
			name = Debug;
		};
		43171DCE1CDBB65F0034021F /* Release */ = {
			isa = XCBuildConfiguration;
			buildSettings = {
				ASSETCATALOG_COMPILER_APPICON_NAME = AppIcon;
				CODE_SIGN_IDENTITY = "iPhone Developer";
				INFOPLIST_FILE = CrimeSpotters/Info.plist;
				LD_RUNPATH_SEARCH_PATHS = "$(inherited) @executable_path/Frameworks";
				PRODUCT_BUNDLE_IDENTIFIER = com.thepatrickcooke.CrimeSpotters;
				PRODUCT_NAME = "$(TARGET_NAME)";
			};
			name = Release;
		};
/* End XCBuildConfiguration section */

/* Begin XCConfigurationList section */
		43171DB01CDBB65F0034021F /* Build configuration list for PBXProject "CrimeSpotters" */ = {
			isa = XCConfigurationList;
			buildConfigurations = (
				43171DCA1CDBB65F0034021F /* Debug */,
				43171DCB1CDBB65F0034021F /* Release */,
			);
			defaultConfigurationIsVisible = 0;
			defaultConfigurationName = Release;
		};
		43171DCC1CDBB65F0034021F /* Build configuration list for PBXNativeTarget "CrimeSpotters" */ = {
			isa = XCConfigurationList;
			buildConfigurations = (
				43171DCD1CDBB65F0034021F /* Debug */,
				43171DCE1CDBB65F0034021F /* Release */,
			);
			defaultConfigurationIsVisible = 0;
			defaultConfigurationName = Release;
		};
/* End XCConfigurationList section */
	};
	rootObject = 43171DAD1CDBB65F0034021F /* Project object */;
}
